// !$*UTF8*$!
{
	archiveVersion = 1;
	classes = {
	};
	objectVersion = 56;
	objects = {

/* Begin PBXBuildFile section */
		A5851BDC2F7055D600F452A1 /* Week1_pracApp.swift in Sources */ = {isa = PBXBuildFile; fileRef = A5851BDB2F7055D600F452A1 /* Week1_pracApp.swift */; };
		A5851BDE2F7055D600F452A1 /* TicketView.swift in Sources */ = {isa = PBXBuildFile; fileRef = A5851BDD2F7055D600F452A1 /* TicketView.swift */; };
		A5851BE02F7055D700F452A1 /* Assets.xcassets in Resources */ = {isa = PBXBuildFile; fileRef = A5851BDF2F7055D700F452A1 /* Assets.xcassets */; };
		A5851BE32F7055D700F452A1 /* Preview Assets.xcassets in Resources */ = {isa = PBXBuildFile; fileRef = A5851BE22F7055D700F452A1 /* Preview Assets.xcassets */; };
		A5851BF12F705F8200F452A1 /* Pretendard-ExtraBold.otf in Resources */ = {isa = PBXBuildFile; fileRef = A5851BEC2F705F8200F452A1 /* Pretendard-ExtraBold.otf */; };
		A5851BF22F705F8200F452A1 /* Pretendard-Light.otf in Resources */ = {isa = PBXBuildFile; fileRef = A5851BED2F705F8200F452A1 /* Pretendard-Light.otf */; };
		A5851BF32F705F8200F452A1 /* Pretendard-ExtraLight.otf in Resources */ = {isa = PBXBuildFile; fileRef = A5851BEE2F705F8200F452A1 /* Pretendard-ExtraLight.otf */; };
		A5851BF42F705F8200F452A1 /* Pretendard-Black.otf in Resources */ = {isa = PBXBuildFile; fileRef = A5851BEF2F705F8200F452A1 /* Pretendard-Black.otf */; };
		A5851BF52F705F8200F452A1 /* Pretendard-Bold.otf in Resources */ = {isa = PBXBuildFile; fileRef = A5851BF02F705F8200F452A1 /* Pretendard-Bold.otf */; };
		A5851BFA2F705F9700F452A1 /* Pretendard-SemiBold.otf in Resources */ = {isa = PBXBuildFile; fileRef = A5851BF62F705F9700F452A1 /* Pretendard-SemiBold.otf */; };
		A5851BFB2F705F9700F452A1 /* Pretendard-Thin.otf in Resources */ = {isa = PBXBuildFile; fileRef = A5851BF72F705F9700F452A1 /* Pretendard-Thin.otf */; };
		A5851BFC2F705F9700F452A1 /* Pretendard-Medium.otf in Resources */ = {isa = PBXBuildFile; fileRef = A5851BF82F705F9700F452A1 /* Pretendard-Medium.otf */; };
		A5851BFD2F705F9700F452A1 /* Pretendard-Regular.otf in Resources */ = {isa = PBXBuildFile; fileRef = A5851BF92F705F9700F452A1 /* Pretendard-Regular.otf */; };
		A5851BFF2F70606700F452A1 /* Fonts.swift in Sources */ = {isa = PBXBuildFile; fileRef = A5851BFE2F70606700F452A1 /* Fonts.swift */; };
/* End PBXBuildFile section */

/* Begin PBXFileReference section */
		A5851BD82F7055D600F452A1 /* Week1_prac.app */ = {isa = PBXFileReference; explicitFileType = wrapper.application; includeInIndex = 0; path = Week1_prac.app; sourceTree = BUILT_PRODUCTS_DIR; };
		A5851BDB2F7055D600F452A1 /* Week1_pracApp.swift */ = {isa = PBXFileReference; lastKnownFileType = sourcecode.swift; path = Week1_pracApp.swift; sourceTree = "<group>"; };
		A5851BDD2F7055D600F452A1 /* TicketView.swift */ = {isa = PBXFileReference; lastKnownFileType = sourcecode.swift; path = TicketView.swift; sourceTree = "<group>"; };
		A5851BDF2F7055D700F452A1 /* Assets.xcassets */ = {isa = PBXFileReference; lastKnownFileType = folder.assetcatalog; path = Assets.xcassets; sourceTree = "<group>"; };
		A5851BE22F7055D700F452A1 /* Preview Assets.xcassets */ = {isa = PBXFileReference; lastKnownFileType = folder.assetcatalog; path = "Preview Assets.xcassets"; sourceTree = "<group>"; };
		A5851BEA2F7057E600F452A1 /* Week1-prac-Info.plist */ = {isa = PBXFileReference; lastKnownFileType = text.plist; path = "Week1-prac-Info.plist"; sourceTree = SOURCE_ROOT; };
		A5851BEC2F705F8200F452A1 /* Pretendard-ExtraBold.otf */ = {isa = PBXFileReference; lastKnownFileType = file; name = "Pretendard-ExtraBold.otf"; path = "Pretendard-1.3.9/public/static/Pretendard-ExtraBold.otf"; sourceTree = "<group>"; };
		A5851BED2F705F8200F452A1 /* Pretendard-Light.otf */ = {isa = PBXFileReference; lastKnownFileType = file; name = "Pretendard-Light.otf"; path = "Pretendard-1.3.9/public/static/Pretendard-Light.otf"; sourceTree = "<group>"; };
		A5851BEE2F705F8200F452A1 /* Pretendard-ExtraLight.otf */ = {isa = PBXFileReference; lastKnownFileType = file; name = "Pretendard-ExtraLight.otf"; path = "Pretendard-1.3.9/public/static/Pretendard-ExtraLight.otf"; sourceTree = "<group>"; };
		A5851BEF2F705F8200F452A1 /* Pretendard-Black.otf */ = {isa = PBXFileReference; lastKnownFileType = file; name = "Pretendard-Black.otf"; path = "Pretendard-1.3.9/public/static/Pretendard-Black.otf"; sourceTree = "<group>"; };
		A5851BF02F705F8200F452A1 /* Pretendard-Bold.otf */ = {isa = PBXFileReference; lastKnownFileType = file; name = "Pretendard-Bold.otf"; path = "Pretendard-1.3.9/public/static/Pretendard-Bold.otf"; sourceTree = "<group>"; };
		A5851BF62F705F9700F452A1 /* Pretendard-SemiBold.otf */ = {isa = PBXFileReference; lastKnownFileType = file; name = "Pretendard-SemiBold.otf"; path = "Pretendard-1.3.9/public/static/Pretendard-SemiBold.otf"; sourceTree = "<group>"; };
		A5851BF72F705F9700F452A1 /* Pretendard-Thin.otf */ = {isa = PBXFileReference; lastKnownFileType = file; name = "Pretendard-Thin.otf"; path = "Pretendard-1.3.9/public/static/Pretendard-Thin.otf"; sourceTree = "<group>"; };
		A5851BF82F705F9700F452A1 /* Pretendard-Medium.otf */ = {isa = PBXFileReference; lastKnownFileType = file; name = "Pretendard-Medium.otf"; path = "Pretendard-1.3.9/public/static/Pretendard-Medium.otf"; sourceTree = "<group>"; };
		A5851BF92F705F9700F452A1 /* Pretendard-Regular.otf */ = {isa = PBXFileReference; lastKnownFileType = file; name = "Pretendard-Regular.otf"; path = "Pretendard-1.3.9/public/static/Pretendard-Regular.otf"; sourceTree = "<group>"; };
		A5851BFE2F70606700F452A1 /* Fonts.swift */ = {isa = PBXFileReference; lastKnownFileType = sourcecode.swift; path = Fonts.swift; sourceTree = "<group>"; };
/* End PBXFileReference section */

/* Begin PBXFrameworksBuildPhase section */
		A5851BD52F7055D600F452A1 /* Frameworks */ = {
			isa = PBXFrameworksBuildPhase;
			buildActionMask = 2147483647;
			files = (
			);
			runOnlyForDeploymentPostprocessing = 0;
		};
/* End PBXFrameworksBuildPhase section */

/* Begin PBXGroup section */
		A5851BCF2F7055D600F452A1 = {
			isa = PBXGroup;
			children = (
				A5851BDA2F7055D600F452A1 /* Week1_prac */,
				A5851BD92F7055D600F452A1 /* Products */,
			);
			sourceTree = "<group>";
		};
		A5851BD92F7055D600F452A1 /* Products */ = {
			isa = PBXGroup;
			children = (
				A5851BD82F7055D600F452A1 /* Week1_prac.app */,
			);
			name = Products;
			sourceTree = "<group>";
		};
		A5851BDA2F7055D600F452A1 /* Week1_prac */ = {
			isa = PBXGroup;
			children = (
				A5851BEA2F7057E600F452A1 /* Week1-prac-Info.plist */,
				A5851BE92F7056D000F452A1 /* Resources */,
				A5851BDB2F7055D600F452A1 /* Week1_pracApp.swift */,
				A5851BDD2F7055D600F452A1 /* TicketView.swift */,
				A5851BDF2F7055D700F452A1 /* Assets.xcassets */,
				A5851BE12F7055D700F452A1 /* Preview Content */,
			);
			path = Week1_prac;
			sourceTree = "<group>";
		};
		A5851BE12F7055D700F452A1 /* Preview Content */ = {
			isa = PBXGroup;
			children = (
				A5851BE22F7055D700F452A1 /* Preview Assets.xcassets */,
			);
			path = "Preview Content";
			sourceTree = "<group>";
		};
		A5851BE92F7056D000F452A1 /* Resources */ = {
			isa = PBXGroup;
			children = (
				A5851BEB2F705A1100F452A1 /* Fonts */,
				A5851BFE2F70606700F452A1 /* Fonts.swift */,
			);
			path = Resources;
			sourceTree = "<group>";
		};
		A5851BEB2F705A1100F452A1 /* Fonts */ = {
			isa = PBXGroup;
			children = (
				A5851BF82F705F9700F452A1 /* Pretendard-Medium.otf */,
				A5851BF92F705F9700F452A1 /* Pretendard-Regular.otf */,
				A5851BF62F705F9700F452A1 /* Pretendard-SemiBold.otf */,
				A5851BF72F705F9700F452A1 /* Pretendard-Thin.otf */,
				A5851BEF2F705F8200F452A1 /* Pretendard-Black.otf */,
				A5851BF02F705F8200F452A1 /* Pretendard-Bold.otf */,
				A5851BEC2F705F8200F452A1 /* Pretendard-ExtraBold.otf */,
				A5851BEE2F705F8200F452A1 /* Pretendard-ExtraLight.otf */,
				A5851BED2F705F8200F452A1 /* Pretendard-Light.otf */,
			);
			path = Fonts;
			sourceTree = "<group>";
		};
/* End PBXGroup section */

/* Begin PBXNativeTarget section */
		A5851BD72F7055D600F452A1 /* Week1_prac */ = {
			isa = PBXNativeTarget;
			buildConfigurationList = A5851BE62F7055D700F452A1 /* Build configuration list for PBXNativeTarget "Week1_prac" */;
			buildPhases = (
				A5851BD42F7055D600F452A1 /* Sources */,
				A5851BD52F7055D600F452A1 /* Frameworks */,
				A5851BD62F7055D600F452A1 /* Resources */,
			);
			buildRules = (
			);
			dependencies = (
			);
			name = Week1_prac;
			productName = Week1_prac;
			productReference = A5851BD82F7055D600F452A1 /* Week1_prac.app */;
			productType = "com.apple.product-type.application";
		};
/* End PBXNativeTarget section */

/* Begin PBXProject section */
		A5851BD02F7055D600F452A1 /* Project object */ = {
			isa = PBXProject;
			attributes = {
				BuildIndependentTargetsInParallel = 1;
				LastSwiftUpdateCheck = 1530;
				LastUpgradeCheck = 1530;
				TargetAttributes = {
					A5851BD72F7055D600F452A1 = {
						CreatedOnToolsVersion = 15.3;
					};
				};
			};
			buildConfigurationList = A5851BD32F7055D600F452A1 /* Build configuration list for PBXProject "Week1_prac" */;
			compatibilityVersion = "Xcode 14.0";
			developmentRegion = en;
			hasScannedForEncodings = 0;
			knownRegions = (
				en,
				Base,
			);
			mainGroup = A5851BCF2F7055D600F452A1;
			productRefGroup = A5851BD92F7055D600F452A1 /* Products */;
			projectDirPath = "";
			projectRoot = "";
			targets = (
				A5851BD72F7055D600F452A1 /* Week1_prac */,
			);
		};
/* End PBXProject section */

/* Begin PBXResourcesBuildPhase section */
		A5851BD62F7055D600F452A1 /* Resources */ = {
			isa = PBXResourcesBuildPhase;
			buildActionMask = 2147483647;
			files = (
				A5851BE32F7055D700F452A1 /* Preview Assets.xcassets in Resources */,
				A5851BFC2F705F9700F452A1 /* Pretendard-Medium.otf in Resources */,
				A5851BF22F705F8200F452A1 /* Pretendard-Light.otf in Resources */,
				A5851BF52F705F8200F452A1 /* Pretendard-Bold.otf in Resources */,
				A5851BFB2F705F9700F452A1 /* Pretendard-Thin.otf in Resources */,
				A5851BFA2F705F9700F452A1 /* Pretendard-SemiBold.otf in Resources */,
				A5851BF32F705F8200F452A1 /* Pretendard-ExtraLight.otf in Resources */,
				A5851BE02F7055D700F452A1 /* Assets.xcassets in Resources */,
				A5851BFD2F705F9700F452A1 /* Pretendard-Regular.otf in Resources */,
				A5851BF42F705F8200F452A1 /* Pretendard-Black.otf in Resources */,
				A5851BF12F705F8200F452A1 /* Pretendard-ExtraBold.otf in Resources */,
			);
			runOnlyForDeploymentPostprocessing = 0;
		};
/* End PBXResourcesBuildPhase section */

/* Begin PBXSourcesBuildPhase section */
		A5851BD42F7055D600F452A1 /* Sources */ = {
			isa = PBXSourcesBuildPhase;
			buildActionMask = 2147483647;
			files = (
				A5851BDE2F7055D600F452A1 /* TicketView.swift in Sources */,
				A5851BFF2F70606700F452A1 /* Fonts.swift in Sources */,
				A5851BDC2F7055D600F452A1 /* Week1_pracApp.swift in Sources */,
			);
			runOnlyForDeploymentPostprocessing = 0;
		};
/* End PBXSourcesBuildPhase section */

/* Begin XCBuildConfiguration section */
		A5851BE42F7055D700F452A1 /* Debug */ = {
			isa = XCBuildConfiguration;
			buildSettings = {
				ALWAYS_SEARCH_USER_PATHS = NO;
				ASSETCATALOG_COMPILER_GENERATE_SWIFT_ASSET_SYMBOL_EXTENSIONS = YES;
				CLANG_ANALYZER_NONNULL = YES;
				CLANG_ANALYZER_NUMBER_OBJECT_CONVERSION = YES_AGGRESSIVE;
				CLANG_CXX_LANGUAGE_STANDARD = "gnu++20";
				CLANG_ENABLE_MODULES = YES;
				CLANG_ENABLE_OBJC_ARC = YES;
				CLANG_ENABLE_OBJC_WEAK = YES;
				CLANG_WARN_BLOCK_CAPTURE_AUTORELEASING = YES;
				CLANG_WARN_BOOL_CONVERSION = YES;
				CLANG_WARN_COMMA = YES;
				CLANG_WARN_CONSTANT_CONVERSION = YES;
				CLANG_WARN_DEPRECATED_OBJC_IMPLEMENTATIONS = YES;
				CLANG_WARN_DIRECT_OBJC_ISA_USAGE = YES_ERROR;
				CLANG_WARN_DOCUMENTATION_COMMENTS = YES;
				CLANG_WARN_EMPTY_BODY = YES;
				CLANG_WARN_ENUM_CONVERSION = YES;
				CLANG_WARN_INFINITE_RECURSION = YES;
				CLANG_WARN_INT_CONVERSION = YES;
				CLANG_WARN_NON_LITERAL_NULL_CONVERSION = YES;
				CLANG_WARN_OBJC_IMPLICIT_RETAIN_SELF = YES;
				CLANG_WARN_OBJC_LITERAL_CONVERSION = YES;
				CLANG_WARN_OBJC_ROOT_CLASS = YES_ERROR;
				CLANG_WARN_QUOTED_INCLUDE_IN_FRAMEWORK_HEADER = YES;
				CLANG_WARN_RANGE_LOOP_ANALYSIS = YES;
				CLANG_WARN_STRICT_PROTOTYPES = YES;
				CLANG_WARN_SUSPICIOUS_MOVE = YES;
				CLANG_WARN_UNGUARDED_AVAILABILITY = YES_AGGRESSIVE;
				CLANG_WARN_UNREACHABLE_CODE = YES;
				CLANG_WARN__DUPLICATE_METHOD_MATCH = YES;
				COPY_PHASE_STRIP = NO;
				DEBUG_INFORMATION_FORMAT = dwarf;
				ENABLE_STRICT_OBJC_MSGSEND = YES;
				ENABLE_TESTABILITY = YES;
				ENABLE_USER_SCRIPT_SANDBOXING = YES;
				GCC_C_LANGUAGE_STANDARD = gnu17;
				GCC_DYNAMIC_NO_PIC = NO;
				GCC_NO_COMMON_BLOCKS = YES;
				GCC_OPTIMIZATION_LEVEL = 0;
				GCC_PREPROCESSOR_DEFINITIONS = (
					"DEBUG=1",
					"$(inherited)",
				);
				GCC_WARN_64_TO_32_BIT_CONVERSION = YES;
				GCC_WARN_ABOUT_RETURN_TYPE = YES_ERROR;
				GCC_WARN_UNDECLARED_SELECTOR = YES;
				GCC_WARN_UNINITIALIZED_AUTOS = YES_AGGRESSIVE;
				GCC_WARN_UNUSED_FUNCTION = YES;
				GCC_WARN_UNUSED_VARIABLE = YES;
				IPHONEOS_DEPLOYMENT_TARGET = 17.4;
				LOCALIZATION_PREFERS_STRING_CATALOGS = YES;
				MTL_ENABLE_DEBUG_INFO = INCLUDE_SOURCE;
				MTL_FAST_MATH = YES;
				ONLY_ACTIVE_ARCH = YES;
				SDKROOT = iphoneos;
				SWIFT_ACTIVE_COMPILATION_CONDITIONS = "DEBUG $(inherited)";
				SWIFT_OPTIMIZATION_LEVEL = "-Onone";
			};
			name = Debug;
		};
		A5851BE52F7055D700F452A1 /* Release */ = {
			isa = XCBuildConfiguration;
			buildSettings = {
				ALWAYS_SEARCH_USER_PATHS = NO;
				ASSETCATALOG_COMPILER_GENERATE_SWIFT_ASSET_SYMBOL_EXTENSIONS = YES;
				CLANG_ANALYZER_NONNULL = YES;
				CLANG_ANALYZER_NUMBER_OBJECT_CONVERSION = YES_AGGRESSIVE;
				CLANG_CXX_LANGUAGE_STANDARD = "gnu++20";
				CLANG_ENABLE_MODULES = YES;
				CLANG_ENABLE_OBJC_ARC = YES;
				CLANG_ENABLE_OBJC_WEAK = YES;
				CLANG_WARN_BLOCK_CAPTURE_AUTORELEASING = YES;
				CLANG_WARN_BOOL_CONVERSION = YES;
				CLANG_WARN_COMMA = YES;
				CLANG_WARN_CONSTANT_CONVERSION = YES;
				CLANG_WARN_DEPRECATED_OBJC_IMPLEMENTATIONS = YES;
				CLANG_WARN_DIRECT_OBJC_ISA_USAGE = YES_ERROR;
				CLANG_WARN_DOCUMENTATION_COMMENTS = YES;
				CLANG_WARN_EMPTY_BODY = YES;
				CLANG_WARN_ENUM_CONVERSION = YES;
				CLANG_WARN_INFINITE_RECURSION = YES;
				CLANG_WARN_INT_CONVERSION = YES;
				CLANG_WARN_NON_LITERAL_NULL_CONVERSION = YES;
				CLANG_WARN_OBJC_IMPLICIT_RETAIN_SELF = YES;
				CLANG_WARN_OBJC_LITERAL_CONVERSION = YES;
				CLANG_WARN_OBJC_ROOT_CLASS = YES_ERROR;
				CLANG_WARN_QUOTED_INCLUDE_IN_FRAMEWORK_HEADER = YES;
				CLANG_WARN_RANGE_LOOP_ANALYSIS = YES;
				CLANG_WARN_STRICT_PROTOTYPES = YES;
				CLANG_WARN_SUSPICIOUS_MOVE = YES;
				CLANG_WARN_UNGUARDED_AVAILABILITY = YES_AGGRESSIVE;
				CLANG_WARN_UNREACHABLE_CODE = YES;
				CLANG_WARN__DUPLICATE_METHOD_MATCH = YES;
				COPY_PHASE_STRIP = NO;
				DEBUG_INFORMATION_FORMAT = "dwarf-with-dsym";
				ENABLE_NS_ASSERTIONS = NO;
				ENABLE_STRICT_OBJC_MSGSEND = YES;
				ENABLE_USER_SCRIPT_SANDBOXING = YES;
				GCC_C_LANGUAGE_STANDARD = gnu17;
				GCC_NO_COMMON_BLOCKS = YES;
				GCC_WARN_64_TO_32_BIT_CONVERSION = YES;
				GCC_WARN_ABOUT_RETURN_TYPE = YES_ERROR;
				GCC_WARN_UNDECLARED_SELECTOR = YES;
				GCC_WARN_UNINITIALIZED_AUTOS = YES_AGGRESSIVE;
				GCC_WARN_UNUSED_FUNCTION = YES;
				GCC_WARN_UNUSED_VARIABLE = YES;
				IPHONEOS_DEPLOYMENT_TARGET = 17.4;
				LOCALIZATION_PREFERS_STRING_CATALOGS = YES;
				MTL_ENABLE_DEBUG_INFO = NO;
				MTL_FAST_MATH = YES;
				SDKROOT = iphoneos;
				SWIFT_COMPILATION_MODE = wholemodule;
				VALIDATE_PRODUCT = YES;
			};
			name = Release;
		};
		A5851BE72F7055D700F452A1 /* Debug */ = {
			isa = XCBuildConfiguration;
			buildSettings = {
				ASSETCATALOG_COMPILER_APPICON_NAME = AppIcon;
				ASSETCATALOG_COMPILER_GLOBAL_ACCENT_COLOR_NAME = AccentColor;
				CODE_SIGN_STYLE = Automatic;
				CURRENT_PROJECT_VERSION = 1;
				DEVELOPMENT_ASSET_PATHS = "\"Week1_prac/Preview Content\"";
				DEVELOPMENT_TEAM = GPF4YB3KBQ;
				ENABLE_PREVIEWS = YES;
				GENERATE_INFOPLIST_FILE = YES;
				INFOPLIST_FILE = "Week1-prac-Info.plist";
				INFOPLIST_KEY_UIApplicationSceneManifest_Generation = YES;
				INFOPLIST_KEY_UIApplicationSupportsIndirectInputEvents = YES;
				INFOPLIST_KEY_UILaunchScreen_Generation = YES;
				INFOPLIST_KEY_UISupportedInterfaceOrientations_iPad = "UIInterfaceOrientationPortrait UIInterfaceOrientationPortraitUpsideDown UIInterfaceOrientationLandscapeLeft UIInterfaceOrientationLandscapeRight";
				INFOPLIST_KEY_UISupportedInterfaceOrientations_iPhone = "UIInterfaceOrientationPortrait UIInterfaceOrientationLandscapeLeft UIInterfaceOrientationLandscapeRight";
				LD_RUNPATH_SEARCH_PATHS = (
					"$(inherited)",
					"@executable_path/Frameworks",
				);
				MARKETING_VERSION = 1.0;
				PRODUCT_BUNDLE_IDENTIFIER = "alswlrhdwn0.Week1-prac";
				PRODUCT_NAME = "$(TARGET_NAME)";
				SWIFT_EMIT_LOC_STRINGS = YES;
				SWIFT_VERSION = 5.0;
				TARGETED_DEVICE_FAMILY = "1,2";
			};
			name = Debug;
		};
		A5851BE82F7055D700F452A1 /* Release */ = {
			isa = XCBuildConfiguration;
			buildSettings = {
				ASSETCATALOG_COMPILER_APPICON_NAME = AppIcon;
				ASSETCATALOG_COMPILER_GLOBAL_ACCENT_COLOR_NAME = AccentColor;
				CODE_SIGN_STYLE = Automatic;
				CURRENT_PROJECT_VERSION = 1;
				DEVELOPMENT_ASSET_PATHS = "\"Week1_prac/Preview Content\"";
				DEVELOPMENT_TEAM = GPF4YB3KBQ;
				ENABLE_PREVIEWS = YES;
				GENERATE_INFOPLIST_FILE = YES;
				INFOPLIST_FILE = "Week1-prac-Info.plist";
				INFOPLIST_KEY_UIApplicationSceneManifest_Generation = YES;
				INFOPLIST_KEY_UIApplicationSupportsIndirectInputEvents = YES;
				INFOPLIST_KEY_UILaunchScreen_Generation = YES;
				INFOPLIST_KEY_UISupportedInterfaceOrientations_iPad = "UIInterfaceOrientationPortrait UIInterfaceOrientationPortraitUpsideDown UIInterfaceOrientationLandscapeLeft UIInterfaceOrientationLandscapeRight";
				INFOPLIST_KEY_UISupportedInterfaceOrientations_iPhone = "UIInterfaceOrientationPortrait UIInterfaceOrientationLandscapeLeft UIInterfaceOrientationLandscapeRight";
				LD_RUNPATH_SEARCH_PATHS = (
					"$(inherited)",
					"@executable_path/Frameworks",
				);
				MARKETING_VERSION = 1.0;
				PRODUCT_BUNDLE_IDENTIFIER = "alswlrhdwn0.Week1-prac";
				PRODUCT_NAME = "$(TARGET_NAME)";
				SWIFT_EMIT_LOC_STRINGS = YES;
				SWIFT_VERSION = 5.0;
				TARGETED_DEVICE_FAMILY = "1,2";
			};
			name = Release;
		};
/* End XCBuildConfiguration section */

/* Begin XCConfigurationList section */
		A5851BD32F7055D600F452A1 /* Build configuration list for PBXProject "Week1_prac" */ = {
			isa = XCConfigurationList;
			buildConfigurations = (
				A5851BE42F7055D700F452A1 /* Debug */,
				A5851BE52F7055D700F452A1 /* Release */,
			);
			defaultConfigurationIsVisible = 0;
			defaultConfigurationName = Release;
		};
		A5851BE62F7055D700F452A1 /* Build configuration list for PBXNativeTarget "Week1_prac" */ = {
			isa = XCConfigurationList;
			buildConfigurations = (
				A5851BE72F7055D700F452A1 /* Debug */,
				A5851BE82F7055D700F452A1 /* Release */,
			);
			defaultConfigurationIsVisible = 0;
			defaultConfigurationName = Release;
		};
/* End XCConfigurationList section */
	};
	rootObject = A5851BD02F7055D600F452A1 /* Project object */;
}
