<?xml version="1.0" encoding="UTF-8"?>
<Scheme
   LastUpgradeVersion = "1010"
   version = "1.3">
   <BuildAction
      parallelizeBuildables = "YES"
      buildImplicitDependencies = "YES">
      <BuildActionEntries>
         <BuildActionEntry
            buildForTesting = "YES"
            buildForRunning = "YES"
            buildForProfiling = "YES"
            buildForArchiving = "YES"
            buildForAnalyzing = "YES">
            <BuildableReference
               BuildableIdentifier = "primary"
               BlueprintIdentifier = "BC2B97E5C2A62BD7AACDD07D"
               BuildableName = "UMC_MegaBox.app"
               BlueprintName = "UMC_MegaBox"
               ReferencedContainer = "container:UMC_MegaBox/UMC_MegaBox.xcodeproj">
            </BuildableReference>
         </BuildActionEntry>
         <BuildActionEntry
            buildForTesting = "YES"
            buildForRunning = "YES"
            buildForProfiling = "YES"
            buildForArchiving = "YES"
            buildForAnalyzing = "YES">
            <BuildableReference
               BuildableIdentifier = "primary"
               BlueprintIdentifier = "FA93C0226B3F1B10518DE832"
               BuildableName = "UMC_MegaBoxTests.xctest"
               BlueprintName = "UMC_MegaBoxTests"
               ReferencedContainer = "container:UMC_MegaBox/UMC_MegaBox.xcodeproj">
            </BuildableReference>
         </BuildActionEntry>
         <BuildActionEntry
            buildForTesting = "YES"
            buildForRunning = "YES"
            buildForProfiling = "YES"
            buildForArchiving = "YES"
            buildForAnalyzing = "YES">
            <BuildableReference
               BuildableIdentifier = "primary"
               BlueprintIdentifier = "5D7E069981E7703632A5A0A1"
               BuildableName = "Week1_Practice.app"
               BlueprintName = "Week1_Practice"
               ReferencedContainer = "container:Practice/Week1_Practice/Week1_Practice.xcodeproj">
            </BuildableReference>
         </BuildActionEntry>
         <BuildActionEntry
            buildForTesting = "YES"
            buildForRunning = "YES"
            buildForProfiling = "YES"
            buildForArchiving = "YES"
            buildForAnalyzing = "YES">
            <BuildableReference
               BuildableIdentifier = "primary"
               BlueprintIdentifier = "FF5087D38CDA6A8A86F80490"
               BuildableName = "Week2_Practice.app"
               BlueprintName = "Week2_Practice"
               ReferencedContainer = "container:Practice/Week2_Practice/Week2_Practice.xcodeproj">
            </BuildableReference>
         </BuildActionEntry>
         <BuildActionEntry
            buildForTesting = "YES"
            buildForRunning = "YES"
            buildForProfiling = "YES"
            buildForArchiving = "YES"
            buildForAnalyzing = "YES">
            <BuildableReference
               BuildableIdentifier = "primary"
               BlueprintIdentifier = "BECA36A18530A80964DE874A"
               BuildableName = "Week2_PracticeTests.xctest"
               BlueprintName = "Week2_PracticeTests"
               ReferencedContainer = "container:Practice/Week2_Practice/Week2_Practice.xcodeproj">
            </BuildableReference>
         </BuildActionEntry>
      </BuildActionEntries>
   </BuildAction>
   <TestAction
      buildConfiguration = "Debug"
      selectedDebuggerIdentifier = "Xcode.DebuggerFoundation.Debugger.LLDB"
      selectedLauncherIdentifier = "Xcode.DebuggerFoundation.Launcher.LLDB"
      shouldUseLaunchSchemeArgsEnv = "YES">
      <Testables>
         <TestableReference
            skipped = "NO"
            parallelizable = "NO">
            <BuildableReference
               BuildableIdentifier = "primary"
               BlueprintIdentifier = "FA93C0226B3F1B10518DE832"
               BuildableName = "UMC_MegaBoxTests.xctest"
               BlueprintName = "UMC_MegaBoxTests"
               ReferencedContainer = "container:UMC_MegaBox/UMC_MegaBox.xcodeproj">
            </BuildableReference>
         </TestableReference>
         <TestableReference
            skipped = "NO"
            parallelizable = "NO">
            <BuildableReference
               BuildableIdentifier = "primary"
               BlueprintIdentifier = "BECA36A18530A80964DE874A"
               BuildableName = "Week2_PracticeTests.xctest"
               BlueprintName = "Week2_PracticeTests"
               ReferencedContainer = "container:Practice/Week2_Practice/Week2_Practice.xcodeproj">
            </BuildableReference>
         </TestableReference>
      </Testables>
   </TestAction>
   <LaunchAction
      buildConfiguration = "Debug"
      selectedDebuggerIdentifier = "Xcode.DebuggerFoundation.Debugger.LLDB"
      selectedLauncherIdentifier = "Xcode.DebuggerFoundation.Launcher.LLDB"
      launchStyle = "0"
      useCustomWorkingDirectory = "NO"
      ignoresPersistentStateOnLaunch = "NO"
      debugDocumentVersioning = "YES"
      debugServiceExtension = "internal"
      allowLocationSimulation = "YES">
      <BuildableProductRunnable
         runnableDebuggingMode = "0">
         <BuildableReference
            BuildableIdentifier = "primary"
            BlueprintIdentifier = "BC2B97E5C2A62BD7AACDD07D"
            BuildableName = "UMC_MegaBox.app"
            BlueprintName = "UMC_MegaBox"
            ReferencedContainer = "container:UMC_MegaBox/UMC_MegaBox.xcodeproj">
         </BuildableReference>
      </BuildableProductRunnable>
   </LaunchAction>
   <ProfileAction
      buildConfiguration = "Release"
      shouldUseLaunchSchemeArgsEnv = "YES"
      savedToolIdentifier = ""
      useCustomWorkingDirectory = "NO"
      debugDocumentVersioning = "YES">
      <BuildableProductRunnable
         runnableDebuggingMode = "0">
         <BuildableReference
            BuildableIdentifier = "primary"
            BlueprintIdentifier = "BC2B97E5C2A62BD7AACDD07D"
            BuildableName = "UMC_MegaBox.app"
            BlueprintName = "UMC_MegaBox"
            ReferencedContainer = "container:UMC_MegaBox/UMC_MegaBox.xcodeproj">
         </BuildableReference>
      </BuildableProductRunnable>
   </ProfileAction>
   <AnalyzeAction
      buildConfiguration = "Debug">
   </AnalyzeAction>
   <ArchiveAction
      buildConfiguration = "Release"
      revealArchiveInOrganizer = "YES">
   </ArchiveAction>
</Scheme>
